
Microsoft Visual Studio Solution File, Format Version 12.00
# Visual Studio Version 17
VisualStudioVersion = 17.11.35208.52
MinimumVisualStudioVersion = 10.0.40219.1
Project("{9A19103F-16F7-4668-BE54-9A1E7A4F7556}") = "RabbitSender", "RabbitPublisher\RabbitSender.csproj", "{08C64C3D-B4DA-45AC-B8D9-FC0C59622055}"
EndProject
Project("{9A19103F-16F7-4668-BE54-9A1E7A4F7556}") = "Rabbit", "Rabbit\Rabbit.csproj", "{234B828F-C579-4E55-9989-0DFDCD3A8464}"
EndProject
Project("{9A19103F-16F7-4668-BE54-9A1E7A4F7556}") = "RabbitReceiver", "RabbitReceiver\RabbitReceiver.csproj", "{9677A112-2109-4E2A-9D7B-420845F1620D}"
EndProject
Project("{9A19103F-16F7-4668-BE54-9A1E7A4F7556}") = "DBRepository", "DBRepository\DBRepository.csproj", "{FCFED5C2-C546-4A23-9EB9-55FCAADA8945}"
EndProject
Project("{9A19103F-16F7-4668-BE54-9A1E7A4F7556}") = "SignalR", "SignalR\SignalR.csproj", "{F6B45E2F-40FF-4BB3-AC43-CC6DC6E94001}"
EndProject
Global
	GlobalSection(SolutionConfigurationPlatforms) = preSolution
		Debug|Any CPU = Debug|Any CPU
		Release|Any CPU = Release|Any CPU
	EndGlobalSection
	GlobalSection(ProjectConfigurationPlatforms) = postSolution
		{08C64C3D-B4DA-45AC-B8D9-FC0C59622055}.Debug|Any CPU.ActiveCfg = Debug|Any CPU
		{08C64C3D-B4DA-45AC-B8D9-FC0C59622055}.Debug|Any CPU.Build.0 = Debug|Any CPU
		{08C64C3D-B4DA-45AC-B8D9-FC0C59622055}.Release|Any CPU.ActiveCfg = Release|Any CPU
		{08C64C3D-B4DA-45AC-B8D9-FC0C59622055}.Release|Any CPU.Build.0 = Release|Any CPU
		{234B828F-C579-4E55-9989-0DFDCD3A8464}.Debug|Any CPU.ActiveCfg = Debug|Any CPU
		{234B828F-C579-4E55-9989-0DFDCD3A8464}.Debug|Any CPU.Build.0 = Debug|Any CPU
		{234B828F-C579-4E55-9989-0DFDCD3A8464}.Release|Any CPU.ActiveCfg = Release|Any CPU
		{234B828F-C579-4E55-9989-0DFDCD3A8464}.Release|Any CPU.Build.0 = Release|Any CPU
		{9677A112-2109-4E2A-9D7B-420845F1620D}.Debug|Any CPU.ActiveCfg = Debug|Any CPU
		{9677A112-2109-4E2A-9D7B-420845F1620D}.Debug|Any CPU.Build.0 = Debug|Any CPU
		{9677A112-2109-4E2A-9D7B-420845F1620D}.Release|Any CPU.ActiveCfg = Release|Any CPU
		{9677A112-2109-4E2A-9D7B-420845F1620D}.Release|Any CPU.Build.0 = Release|Any CPU
		{FCFED5C2-C546-4A23-9EB9-55FCAADA8945}.Debug|Any CPU.ActiveCfg = Debug|Any CPU
		{FCFED5C2-C546-4A23-9EB9-55FCAADA8945}.Debug|Any CPU.Build.0 = Debug|Any CPU
		{FCFED5C2-C546-4A23-9EB9-55FCAADA8945}.Release|Any CPU.ActiveCfg = Release|Any CPU
		{FCFED5C2-C546-4A23-9EB9-55FCAADA8945}.Release|Any CPU.Build.0 = Release|Any CPU
		{F6B45E2F-40FF-4BB3-AC43-CC6DC6E94001}.Debug|Any CPU.ActiveCfg = Debug|Any CPU
		{F6B45E2F-40FF-4BB3-AC43-CC6DC6E94001}.Debug|Any CPU.Build.0 = Debug|Any CPU
		{F6B45E2F-40FF-4BB3-AC43-CC6DC6E94001}.Release|Any CPU.ActiveCfg = Release|Any CPU
		{F6B45E2F-40FF-4BB3-AC43-CC6DC6E94001}.Release|Any CPU.Build.0 = Release|Any CPU
	EndGlobalSection
	GlobalSection(SolutionProperties) = preSolution
		HideSolutionNode = FALSE
	EndGlobalSection
	GlobalSection(ExtensibilityGlobals) = postSolution
		SolutionGuid = {EBE8807F-EDC7-46D8-BD4B-B7D8BFC1BDCF}
	EndGlobalSection
EndGlobal
